{
  "requires": true,
  "lockfileVersion": 1,
  "dependencies": {
    "openzeppelin-solidity": {
      "version": "4.3.3",
      "resolved": "https://verdaccio.deploy.evelin.jsmd-group.com/openzeppelin-solidity/-/openzeppelin-solidity-4.3.3.tgz",
      "integrity": "sha512-/nGPWd19KwX8vfxG0kZLqVDxBtMzcjiN+/6/dfSPaUw2RfRalqAZ/x/Gu8n/dtOcvVf5cQQOodeIgrdwPI+eKw=="
    }
  }
}
